
Microsoft Visual Studio Solution File, Format Version 12.00
# Visual Studio Version 17
VisualStudioVersion = 17.5.002.0
MinimumVisualStudioVersion = 10.0.40219.1
Project("{9A19103F-16F7-4668-BE54-9A1E7A4F7556}") = "DesafioPOO", "DesafioPOO.csproj", "{CB6513B3-A434-40B1-A628-47294F6F3E39}"
EndProject
Global
	GlobalSection(SolutionConfigurationPlatforms) = preSolution
		Debug|Any CPU = Debug|Any CPU
		Release|Any CPU = Release|Any CPU
	EndGlobalSection
	GlobalSection(ProjectConfigurationPlatforms) = postSolution
		{CB6513B3-A434-40B1-A628-47294F6F3E39}.Debug|Any CPU.ActiveCfg = Debug|Any CPU
		{CB6513B3-A434-40B1-A628-47294F6F3E39}.Debug|Any CPU.Build.0 = Debug|Any CPU
		{CB6513B3-A434-40B1-A628-47294F6F3E39}.Release|Any CPU.ActiveCfg = Release|Any CPU
		{CB6513B3-A434-40B1-A628-47294F6F3E39}.Release|Any CPU.Build.0 = Release|Any CPU
	EndGlobalSection
	GlobalSection(SolutionProperties) = preSolution
		HideSolutionNode = FALSE
	EndGlobalSection
	GlobalSection(ExtensibilityGlobals) = postSolution
		SolutionGuid = {540822FC-B5CB-4113-8B25-67C75BA0B3AA}
	EndGlobalSection
EndGlobal
